
Microsoft Visual Studio Solution File, Format Version 12.00
# Visual Studio Version 16
VisualStudioVersion = 16.0.31112.23
MinimumVisualStudioVersion = 10.0.40219.1
Project("{8BC9CEB8-8B4A-11D0-8D11-00A0C91BC942}") = "AiSD", "AiSD.vcxproj", "{F2D6DF0F-C893-4932-9232-111996A7050A}"
EndProject
Global
	GlobalSection(SolutionConfigurationPlatforms) = preSolution
		Debug|x64 = Debug|x64
		Debug|x86 = Debug|x86
		Release|x64 = Release|x64
		Release|x86 = Release|x86
	EndGlobalSection
	GlobalSection(ProjectConfigurationPlatforms) = postSolution
		{F2D6DF0F-C893-4932-9232-111996A7050A}.Debug|x64.ActiveCfg = Debug|x64
		{F2D6DF0F-C893-4932-9232-111996A7050A}.Debug|x64.Build.0 = Debug|x64
		{F2D6DF0F-C893-4932-9232-111996A7050A}.Debug|x86.ActiveCfg = Debug|Win32
		{F2D6DF0F-C893-4932-9232-111996A7050A}.Debug|x86.Build.0 = Debug|Win32
		{F2D6DF0F-C893-4932-9232-111996A7050A}.Release|x64.ActiveCfg = Release|x64
		{F2D6DF0F-C893-4932-9232-111996A7050A}.Release|x64.Build.0 = Release|x64
		{F2D6DF0F-C893-4932-9232-111996A7050A}.Release|x86.ActiveCfg = Release|Win32
		{F2D6DF0F-C893-4932-9232-111996A7050A}.Release|x86.Build.0 = Release|Win32
	EndGlobalSection
	GlobalSection(SolutionProperties) = preSolution
		HideSolutionNode = FALSE
	EndGlobalSection
	GlobalSection(ExtensibilityGlobals) = postSolution
		SolutionGuid = {1DFF795D-DB8E-448E-9F8C-C6EEA52702FB}
	EndGlobalSection
EndGlobal
