
Microsoft Visual Studio Solution File, Format Version 12.00
# Visual Studio Version 16
VisualStudioVersion = 16.0.30517.126
MinimumVisualStudioVersion = 10.0.40219.1
Project("{F184B08F-C81C-45F6-A57F-5ABD9991F28F}") = "PlanetBD", "PlanetBD\PlanetBD.vbproj", "{7EB2CEE7-DE8B-4B35-A54C-CC1C8AE62ACD}"
EndProject
Global
	GlobalSection(SolutionConfigurationPlatforms) = preSolution
		Debug|Any CPU = Debug|Any CPU
		Release|Any CPU = Release|Any CPU
	EndGlobalSection
	GlobalSection(ProjectConfigurationPlatforms) = postSolution
		{7EB2CEE7-DE8B-4B35-A54C-CC1C8AE62ACD}.Debug|Any CPU.ActiveCfg = Debug|Any CPU
		{7EB2CEE7-DE8B-4B35-A54C-CC1C8AE62ACD}.Debug|Any CPU.Build.0 = Debug|Any CPU
		{7EB2CEE7-DE8B-4B35-A54C-CC1C8AE62ACD}.Release|Any CPU.ActiveCfg = Release|Any CPU
		{7EB2CEE7-DE8B-4B35-A54C-CC1C8AE62ACD}.Release|Any CPU.Build.0 = Release|Any CPU
	EndGlobalSection
	GlobalSection(SolutionProperties) = preSolution
		HideSolutionNode = FALSE
	EndGlobalSection
	GlobalSection(ExtensibilityGlobals) = postSolution
		SolutionGuid = {9D9EC4CC-B830-4992-BA1D-65A109D7FD32}
	EndGlobalSection
EndGlobal
