
Microsoft Visual Studio Solution File, Format Version 12.00
# Visual Studio Version 16
VisualStudioVersion = 16.0.29403.142
MinimumVisualStudioVersion = 10.0.40219.1
Project("{8BC9CEB8-8B4A-11D0-8D11-00A0C91BC942}") = "ФОП", "ФОП.vcxproj", "{D4CD8971-E67B-4701-9419-CF89A985CE1E}"
EndProject
Global
	GlobalSection(SolutionConfigurationPlatforms) = preSolution
		Debug|x64 = Debug|x64
		Debug|x86 = Debug|x86
		Release|x64 = Release|x64
		Release|x86 = Release|x86
	EndGlobalSection
	GlobalSection(ProjectConfigurationPlatforms) = postSolution
		{D4CD8971-E67B-4701-9419-CF89A985CE1E}.Debug|x64.ActiveCfg = Debug|x64
		{D4CD8971-E67B-4701-9419-CF89A985CE1E}.Debug|x64.Build.0 = Debug|x64
		{D4CD8971-E67B-4701-9419-CF89A985CE1E}.Debug|x86.ActiveCfg = Debug|Win32
		{D4CD8971-E67B-4701-9419-CF89A985CE1E}.Debug|x86.Build.0 = Debug|Win32
		{D4CD8971-E67B-4701-9419-CF89A985CE1E}.Release|x64.ActiveCfg = Release|x64
		{D4CD8971-E67B-4701-9419-CF89A985CE1E}.Release|x64.Build.0 = Release|x64
		{D4CD8971-E67B-4701-9419-CF89A985CE1E}.Release|x86.ActiveCfg = Release|Win32
		{D4CD8971-E67B-4701-9419-CF89A985CE1E}.Release|x86.Build.0 = Release|Win32
	EndGlobalSection
	GlobalSection(SolutionProperties) = preSolution
		HideSolutionNode = FALSE
	EndGlobalSection
	GlobalSection(ExtensibilityGlobals) = postSolution
		SolutionGuid = {666EECB8-5869-4A23-876C-D0B6E917CDC3}
	EndGlobalSection
EndGlobal
